# THIS IS AN AUTOGENERATED FILE. DO NOT EDIT THIS FILE DIRECTLY.
# yarn lockfile v1


"@playwright/test@^1.27.0":
  version "1.27.0"
  resolved "https://registry.yarnpkg.com/@playwright/test/-/test-1.27.0.tgz#a5327a4823837a718ae6fad9b1e5ff520927e834"
  integrity sha512-L4BswoJvGkFsEHhEgzVNHBnkFB1FbnBQn3QmvTl7+AouoJQ4a8tLwZKvytdovCsNi7B5cXuRo58yGvfM5PnExw==
  dependencies:
    "@types/node" "*"
    playwright-core "1.27.0"

"@types/node@*":
  version "18.8.3"
  resolved "https://registry.yarnpkg.com/@types/node/-/node-18.8.3.tgz#ce750ab4017effa51aed6a7230651778d54e327c"
  integrity sha512-0os9vz6BpGwxGe9LOhgP/ncvYN5Tx1fNcd2TM3rD/aCGBkysb+ZWpXEocG24h6ZzOi13+VB8HndAQFezsSOw1w==

playwright-core@1.27.0:
  version "1.27.0"
  resolved "https://registry.yarnpkg.com/playwright-core/-/playwright-core-1.27.0.tgz#e5f9d2bc19ebdd9581a01e74f019bb91aa7cf55d"
  integrity sha512-VBKaaFUVKDo3akW+o4DwbK1ZyXh46tcSwQKPK3lruh8IJd5feu55XVZx4vOkbb2uqrNdIF51sgsadYT533SdpA==
